// !$*UTF8*$!
{
	archiveVersion = 1;
	classes = {
	};
	objectVersion = 50;
	objects = {

/* Begin PBXBuildFile section */
		671EB96A21ECD1AE00B3788A /* MarioViewController.swift in Sources */ = {isa = PBXBuildFile; fileRef = 671EB96921ECD1AE00B3788A /* MarioViewController.swift */; };
		6726600921EF38E90068FD6F /* LuigiViewController.swift in Sources */ = {isa = PBXBuildFile; fileRef = 6726600821EF38E90068FD6F /* LuigiViewController.swift */; };
		6726600B21EF56710068FD6F /* CollectionViewController.swift in Sources */ = {isa = PBXBuildFile; fileRef = 6726600A21EF56710068FD6F /* CollectionViewController.swift */; };
		6726601321F08E730068FD6F /* TitleDescriptionViewController.swift in Sources */ = {isa = PBXBuildFile; fileRef = 6726601221F08E730068FD6F /* TitleDescriptionViewController.swift */; };
		672A960021E9943100B949D7 /* AppDelegate.swift in Sources */ = {isa = PBXBuildFile; fileRef = 672A95FF21E9943100B949D7 /* AppDelegate.swift */; };
		672A960221E9943100B949D7 /* art.scnassets in Resources */ = {isa = PBXBuildFile; fileRef = 672A960121E9943100B949D7 /* art.scnassets */; };
		672A960421E9943100B949D7 /* ViewController.swift in Sources */ = {isa = PBXBuildFile; fileRef = 672A960321E9943100B949D7 /* ViewController.swift */; };
		672A960721E9943100B949D7 /* Main.storyboard in Resources */ = {isa = PBXBuildFile; fileRef = 672A960521E9943100B949D7 /* Main.storyboard */; };
		672A960921E9943100B949D7 /* Assets.xcassets in Resources */ = {isa = PBXBuildFile; fileRef = 672A960821E9943100B949D7 /* Assets.xcassets */; };
		672A960C21E9943100B949D7 /* LaunchScreen.storyboard in Resources */ = {isa = PBXBuildFile; fileRef = 672A960A21E9943100B949D7 /* LaunchScreen.storyboard */; };
		6754639921EE2F7D00135DBB /* LinkViewController.swift in Sources */ = {isa = PBXBuildFile; fileRef = 6754639821EE2F7D00135DBB /* LinkViewController.swift */; };
		6754639B21EF35E200135DBB /* CaptainFalconViewController.swift in Sources */ = {isa = PBXBuildFile; fileRef = 6754639A21EF35E200135DBB /* CaptainFalconViewController.swift */; };
/* End PBXBuildFile section */

/* Begin PBXFileReference section */
		671EB96921ECD1AE00B3788A /* MarioViewController.swift */ = {isa = PBXFileReference; lastKnownFileType = sourcecode.swift; path = MarioViewController.swift; sourceTree = "<group>"; };
		6726600821EF38E90068FD6F /* LuigiViewController.swift */ = {isa = PBXFileReference; lastKnownFileType = sourcecode.swift; path = LuigiViewController.swift; sourceTree = "<group>"; };
		6726600A21EF56710068FD6F /* CollectionViewController.swift */ = {isa = PBXFileReference; lastKnownFileType = sourcecode.swift; path = CollectionViewController.swift; sourceTree = "<group>"; };
		6726601221F08E730068FD6F /* TitleDescriptionViewController.swift */ = {isa = PBXFileReference; lastKnownFileType = sourcecode.swift; path = TitleDescriptionViewController.swift; sourceTree = "<group>"; };
		672A95FC21E9943100B949D7 /* SmashBrosers.app */ = {isa = PBXFileReference; explicitFileType = wrapper.application; includeInIndex = 0; path = SmashBrosers.app; sourceTree = BUILT_PRODUCTS_DIR; };
		672A95FF21E9943100B949D7 /* AppDelegate.swift */ = {isa = PBXFileReference; lastKnownFileType = sourcecode.swift; path = AppDelegate.swift; sourceTree = "<group>"; };
		672A960121E9943100B949D7 /* art.scnassets */ = {isa = PBXFileReference; lastKnownFileType = wrapper.scnassets; path = art.scnassets; sourceTree = "<group>"; };
		672A960321E9943100B949D7 /* ViewController.swift */ = {isa = PBXFileReference; lastKnownFileType = sourcecode.swift; path = ViewController.swift; sourceTree = "<group>"; };
		672A960621E9943100B949D7 /* Base */ = {isa = PBXFileReference; lastKnownFileType = file.storyboard; name = Base; path = Base.lproj/Main.storyboard; sourceTree = "<group>"; };
		672A960821E9943100B949D7 /* Assets.xcassets */ = {isa = PBXFileReference; lastKnownFileType = folder.assetcatalog; path = Assets.xcassets; sourceTree = "<group>"; };
		672A960B21E9943100B949D7 /* Base */ = {isa = PBXFileReference; lastKnownFileType = file.storyboard; name = Base; path = Base.lproj/LaunchScreen.storyboard; sourceTree = "<group>"; };
		672A960D21E9943100B949D7 /* Info.plist */ = {isa = PBXFileReference; lastKnownFileType = text.plist.xml; path = Info.plist; sourceTree = "<group>"; };
		6754639821EE2F7D00135DBB /* LinkViewController.swift */ = {isa = PBXFileReference; lastKnownFileType = sourcecode.swift; path = LinkViewController.swift; sourceTree = "<group>"; };
		6754639A21EF35E200135DBB /* CaptainFalconViewController.swift */ = {isa = PBXFileReference; lastKnownFileType = sourcecode.swift; path = CaptainFalconViewController.swift; sourceTree = "<group>"; };
/* End PBXFileReference section */

/* Begin PBXFrameworksBuildPhase section */
		672A95F921E9943100B949D7 /* Frameworks */ = {
			isa = PBXFrameworksBuildPhase;
			buildActionMask = 2147483647;
			files = (
			);
			runOnlyForDeploymentPostprocessing = 0;
		};
/* End PBXFrameworksBuildPhase section */

/* Begin PBXGroup section */
		672A95F321E9943100B949D7 = {
			isa = PBXGroup;
			children = (
				672A95FE21E9943100B949D7 /* SmashBrosers */,
				672A95FD21E9943100B949D7 /* Products */,
			);
			sourceTree = "<group>";
		};
		672A95FD21E9943100B949D7 /* Products */ = {
			isa = PBXGroup;
			children = (
				672A95FC21E9943100B949D7 /* SmashBrosers.app */,
			);
			name = Products;
			sourceTree = "<group>";
		};
		672A95FE21E9943100B949D7 /* SmashBrosers */ = {
			isa = PBXGroup;
			children = (
				672A95FF21E9943100B949D7 /* AppDelegate.swift */,
				672A960521E9943100B949D7 /* Main.storyboard */,
				672A960121E9943100B949D7 /* art.scnassets */,
				672A960321E9943100B949D7 /* ViewController.swift */,
				671EB96921ECD1AE00B3788A /* MarioViewController.swift */,
				6726600821EF38E90068FD6F /* LuigiViewController.swift */,
				6754639821EE2F7D00135DBB /* LinkViewController.swift */,
				6754639A21EF35E200135DBB /* CaptainFalconViewController.swift */,
				6726601221F08E730068FD6F /* TitleDescriptionViewController.swift */,
				6726600A21EF56710068FD6F /* CollectionViewController.swift */,
				672A960821E9943100B949D7 /* Assets.xcassets */,
				672A960A21E9943100B949D7 /* LaunchScreen.storyboard */,
				672A960D21E9943100B949D7 /* Info.plist */,
			);
			path = SmashBrosers;
			sourceTree = "<group>";
		};
/* End PBXGroup section */

/* Begin PBXNativeTarget section */
		672A95FB21E9943100B949D7 /* SmashBrosers */ = {
			isa = PBXNativeTarget;
			buildConfigurationList = 672A961021E9943100B949D7 /* Build configuration list for PBXNativeTarget "SmashBrosers" */;
			buildPhases = (
				672A95F821E9943100B949D7 /* Sources */,
				672A95F921E9943100B949D7 /* Frameworks */,
				672A95FA21E9943100B949D7 /* Resources */,
			);
			buildRules = (
			);
			dependencies = (
			);
			name = SmashBrosers;
			productName = earthAr;
			productReference = 672A95FC21E9943100B949D7 /* SmashBrosers.app */;
			productType = "com.apple.product-type.application";
		};
/* End PBXNativeTarget section */

/* Begin PBXProject section */
		672A95F421E9943100B949D7 /* Project object */ = {
			isa = PBXProject;
			attributes = {
				LastSwiftUpdateCheck = 1010;
				LastUpgradeCheck = 1010;
				ORGANIZATIONNAME = "山本竜也";
				TargetAttributes = {
					672A95FB21E9943100B949D7 = {
						CreatedOnToolsVersion = 10.1;
					};
				};
			};
			buildConfigurationList = 672A95F721E9943100B949D7 /* Build configuration list for PBXProject "SmashBrosers" */;
			compatibilityVersion = "Xcode 9.3";
			developmentRegion = en;
			hasScannedForEncodings = 0;
			knownRegions = (
				en,
				Base,
			);
			mainGroup = 672A95F321E9943100B949D7;
			productRefGroup = 672A95FD21E9943100B949D7 /* Products */;
			projectDirPath = "";
			projectRoot = "";
			targets = (
				672A95FB21E9943100B949D7 /* SmashBrosers */,
			);
		};
/* End PBXProject section */

/* Begin PBXResourcesBuildPhase section */
		672A95FA21E9943100B949D7 /* Resources */ = {
			isa = PBXResourcesBuildPhase;
			buildActionMask = 2147483647;
			files = (
				672A960221E9943100B949D7 /* art.scnassets in Resources */,
				672A960C21E9943100B949D7 /* LaunchScreen.storyboard in Resources */,
				672A960921E9943100B949D7 /* Assets.xcassets in Resources */,
				672A960721E9943100B949D7 /* Main.storyboard in Resources */,
			);
			runOnlyForDeploymentPostprocessing = 0;
		};
/* End PBXResourcesBuildPhase section */

/* Begin PBXSourcesBuildPhase section */
		672A95F821E9943100B949D7 /* Sources */ = {
			isa = PBXSourcesBuildPhase;
			buildActionMask = 2147483647;
			files = (
				6754639921EE2F7D00135DBB /* LinkViewController.swift in Sources */,
				6726600921EF38E90068FD6F /* LuigiViewController.swift in Sources */,
				671EB96A21ECD1AE00B3788A /* MarioViewController.swift in Sources */,
				6754639B21EF35E200135DBB /* CaptainFalconViewController.swift in Sources */,
				6726601321F08E730068FD6F /* TitleDescriptionViewController.swift in Sources */,
				6726600B21EF56710068FD6F /* CollectionViewController.swift in Sources */,
				672A960421E9943100B949D7 /* ViewController.swift in Sources */,
				672A960021E9943100B949D7 /* AppDelegate.swift in Sources */,
			);
			runOnlyForDeploymentPostprocessing = 0;
		};
/* End PBXSourcesBuildPhase section */

/* Begin PBXVariantGroup section */
		672A960521E9943100B949D7 /* Main.storyboard */ = {
			isa = PBXVariantGroup;
			children = (
				672A960621E9943100B949D7 /* Base */,
			);
			name = Main.storyboard;
			sourceTree = "<group>";
		};
		672A960A21E9943100B949D7 /* LaunchScreen.storyboard */ = {
			isa = PBXVariantGroup;
			children = (
				672A960B21E9943100B949D7 /* Base */,
			);
			name = LaunchScreen.storyboard;
			sourceTree = "<group>";
		};
/* End PBXVariantGroup section */

/* Begin XCBuildConfiguration section */
		672A960E21E9943100B949D7 /* Debug */ = {
			isa = XCBuildConfiguration;
			buildSettings = {
				ALWAYS_SEARCH_USER_PATHS = NO;
				CLANG_ANALYZER_NONNULL = YES;
				CLANG_ANALYZER_NUMBER_OBJECT_CONVERSION = YES_AGGRESSIVE;
				CLANG_CXX_LANGUAGE_STANDARD = "gnu++14";
				CLANG_CXX_LIBRARY = "libc++";
				CLANG_ENABLE_MODULES = YES;
				CLANG_ENABLE_OBJC_ARC = YES;
				CLANG_ENABLE_OBJC_WEAK = YES;
				CLANG_WARN_BLOCK_CAPTURE_AUTORELEASING = YES;
				CLANG_WARN_BOOL_CONVERSION = YES;
				CLANG_WARN_COMMA = YES;
				CLANG_WARN_CONSTANT_CONVERSION = YES;
				CLANG_WARN_DEPRECATED_OBJC_IMPLEMENTATIONS = YES;
				CLANG_WARN_DIRECT_OBJC_ISA_USAGE = YES_ERROR;
				CLANG_WARN_DOCUMENTATION_COMMENTS = YES;
				CLANG_WARN_EMPTY_BODY = YES;
				CLANG_WARN_ENUM_CONVERSION = YES;
				CLANG_WARN_INFINITE_RECURSION = YES;
				CLANG_WARN_INT_CONVERSION = YES;
				CLANG_WARN_NON_LITERAL_NULL_CONVERSION = YES;
				CLANG_WARN_OBJC_IMPLICIT_RETAIN_SELF = YES;
				CLANG_WARN_OBJC_LITERAL_CONVERSION = YES;
				CLANG_WARN_OBJC_ROOT_CLASS = YES_ERROR;
				CLANG_WARN_RANGE_LOOP_ANALYSIS = YES;
				CLANG_WARN_STRICT_PROTOTYPES = YES;
				CLANG_WARN_SUSPICIOUS_MOVE = YES;
				CLANG_WARN_UNGUARDED_AVAILABILITY = YES_AGGRESSIVE;
				CLANG_WARN_UNREACHABLE_CODE = YES;
				CLANG_WARN__DUPLICATE_METHOD_MATCH = YES;
				CODE_SIGN_IDENTITY = "iPhone Developer";
				COPY_PHASE_STRIP = NO;
				DEBUG_INFORMATION_FORMAT = dwarf;
				ENABLE_STRICT_OBJC_MSGSEND = YES;
				ENABLE_TESTABILITY = YES;
				GCC_C_LANGUAGE_STANDARD = gnu11;
				GCC_DYNAMIC_NO_PIC = NO;
				GCC_NO_COMMON_BLOCKS = YES;
				GCC_OPTIMIZATION_LEVEL = 0;
				GCC_PREPROCESSOR_DEFINITIONS = (
					"DEBUG=1",
					"$(inherited)",
				);
				GCC_WARN_64_TO_32_BIT_CONVERSION = YES;
				GCC_WARN_ABOUT_RETURN_TYPE = YES_ERROR;
				GCC_WARN_UNDECLARED_SELECTOR = YES;
				GCC_WARN_UNINITIALIZED_AUTOS = YES_AGGRESSIVE;
				GCC_WARN_UNUSED_FUNCTION = YES;
				GCC_WARN_UNUSED_VARIABLE = YES;
				IPHONEOS_DEPLOYMENT_TARGET = 12.1;
				MTL_ENABLE_DEBUG_INFO = INCLUDE_SOURCE;
				MTL_FAST_MATH = YES;
				ONLY_ACTIVE_ARCH = YES;
				SDKROOT = iphoneos;
				SWIFT_ACTIVE_COMPILATION_CONDITIONS = DEBUG;
				SWIFT_OPTIMIZATION_LEVEL = "-Onone";
			};
			name = Debug;
		};
		672A960F21E9943100B949D7 /* Release */ = {
			isa = XCBuildConfiguration;
			buildSettings = {
				ALWAYS_SEARCH_USER_PATHS = NO;
				CLANG_ANALYZER_NONNULL = YES;
				CLANG_ANALYZER_NUMBER_OBJECT_CONVERSION = YES_AGGRESSIVE;
				CLANG_CXX_LANGUAGE_STANDARD = "gnu++14";
				CLANG_CXX_LIBRARY = "libc++";
				CLANG_ENABLE_MODULES = YES;
				CLANG_ENABLE_OBJC_ARC = YES;
				CLANG_ENABLE_OBJC_WEAK = YES;
				CLANG_WARN_BLOCK_CAPTURE_AUTORELEASING = YES;
				CLANG_WARN_BOOL_CONVERSION = YES;
				CLANG_WARN_COMMA = YES;
				CLANG_WARN_CONSTANT_CONVERSION = YES;
				CLANG_WARN_DEPRECATED_OBJC_IMPLEMENTATIONS = YES;
				CLANG_WARN_DIRECT_OBJC_ISA_USAGE = YES_ERROR;
				CLANG_WARN_DOCUMENTATION_COMMENTS = YES;
				CLANG_WARN_EMPTY_BODY = YES;
				CLANG_WARN_ENUM_CONVERSION = YES;
				CLANG_WARN_INFINITE_RECURSION = YES;
				CLANG_WARN_INT_CONVERSION = YES;
				CLANG_WARN_NON_LITERAL_NULL_CONVERSION = YES;
				CLANG_WARN_OBJC_IMPLICIT_RETAIN_SELF = YES;
				CLANG_WARN_OBJC_LITERAL_CONVERSION = YES;
				CLANG_WARN_OBJC_ROOT_CLASS = YES_ERROR;
				CLANG_WARN_RANGE_LOOP_ANALYSIS = YES;
				CLANG_WARN_STRICT_PROTOTYPES = YES;
				CLANG_WARN_SUSPICIOUS_MOVE = YES;
				CLANG_WARN_UNGUARDED_AVAILABILITY = YES_AGGRESSIVE;
				CLANG_WARN_UNREACHABLE_CODE = YES;
				CLANG_WARN__DUPLICATE_METHOD_MATCH = YES;
				CODE_SIGN_IDENTITY = "iPhone Developer";
				COPY_PHASE_STRIP = NO;
				DEBUG_INFORMATION_FORMAT = "dwarf-with-dsym";
				ENABLE_NS_ASSERTIONS = NO;
				ENABLE_STRICT_OBJC_MSGSEND = YES;
				GCC_C_LANGUAGE_STANDARD = gnu11;
				GCC_NO_COMMON_BLOCKS = YES;
				GCC_WARN_64_TO_32_BIT_CONVERSION = YES;
				GCC_WARN_ABOUT_RETURN_TYPE = YES_ERROR;
				GCC_WARN_UNDECLARED_SELECTOR = YES;
				GCC_WARN_UNINITIALIZED_AUTOS = YES_AGGRESSIVE;
				GCC_WARN_UNUSED_FUNCTION = YES;
				GCC_WARN_UNUSED_VARIABLE = YES;
				IPHONEOS_DEPLOYMENT_TARGET = 12.1;
				MTL_ENABLE_DEBUG_INFO = NO;
				MTL_FAST_MATH = YES;
				SDKROOT = iphoneos;
				SWIFT_COMPILATION_MODE = wholemodule;
				SWIFT_OPTIMIZATION_LEVEL = "-O";
				VALIDATE_PRODUCT = YES;
			};
			name = Release;
		};
		672A961121E9943100B949D7 /* Debug */ = {
			isa = XCBuildConfiguration;
			buildSettings = {
				ASSETCATALOG_COMPILER_APPICON_NAME = AppIcon;
				CODE_SIGN_STYLE = Automatic;
				DEVELOPMENT_TEAM = 92S7PT7663;
				INFOPLIST_FILE = SmashBrosers/Info.plist;
				IPHONEOS_DEPLOYMENT_TARGET = 12.1;
				LD_RUNPATH_SEARCH_PATHS = (
					"$(inherited)",
					"@executable_path/Frameworks",
				);
				PRODUCT_BUNDLE_IDENTIFIER = "com.yamatatsu-tech.smash-brosers";
				PRODUCT_NAME = "$(TARGET_NAME)";
				SWIFT_VERSION = 4.2;
				TARGETED_DEVICE_FAMILY = "1,2";
			};
			name = Debug;
		};
		672A961221E9943100B949D7 /* Release */ = {
			isa = XCBuildConfiguration;
			buildSettings = {
				ASSETCATALOG_COMPILER_APPICON_NAME = AppIcon;
				CODE_SIGN_STYLE = Automatic;
				DEVELOPMENT_TEAM = 92S7PT7663;
				INFOPLIST_FILE = SmashBrosers/Info.plist;
				IPHONEOS_DEPLOYMENT_TARGET = 12.1;
				LD_RUNPATH_SEARCH_PATHS = (
					"$(inherited)",
					"@executable_path/Frameworks",
				);
				PRODUCT_BUNDLE_IDENTIFIER = "com.yamatatsu-tech.smash-brosers";
				PRODUCT_NAME = "$(TARGET_NAME)";
				SWIFT_VERSION = 4.2;
				TARGETED_DEVICE_FAMILY = "1,2";
			};
			name = Release;
		};
/* End XCBuildConfiguration section */

/* Begin XCConfigurationList section */
		672A95F721E9943100B949D7 /* Build configuration list for PBXProject "SmashBrosers" */ = {
			isa = XCConfigurationList;
			buildConfigurations = (
				672A960E21E9943100B949D7 /* Debug */,
				672A960F21E9943100B949D7 /* Release */,
			);
			defaultConfigurationIsVisible = 0;
			defaultConfigurationName = Release;
		};
		672A961021E9943100B949D7 /* Build configuration list for PBXNativeTarget "SmashBrosers" */ = {
			isa = XCConfigurationList;
			buildConfigurations = (
				672A961121E9943100B949D7 /* Debug */,
				672A961221E9943100B949D7 /* Release */,
			);
			defaultConfigurationIsVisible = 0;
			defaultConfigurationName = Release;
		};
/* End XCConfigurationList section */
	};
	rootObject = 672A95F421E9943100B949D7 /* Project object */;
}
